
Microsoft Visual Studio Solution File, Format Version 12.00
# Visual Studio 15
VisualStudioVersion = 15.0.28307.168
MinimumVisualStudioVersion = 10.0.40219.1
Project("{9A19103F-16F7-4668-BE54-9A1E7A4F7556}") = "AutoSFaP", "AutoSFaP\AutoSFaP.csproj", "{17234E73-B598-45DC-A7AE-6D3E8723D223}"
EndProject
Project("{9A19103F-16F7-4668-BE54-9A1E7A4F7556}") = "AutoSFaP.Converters.Tests", "AutoSFaP.Converters.Tests\AutoSFaP.Converters.Tests.csproj", "{6178F576-D274-4CD9-98A2-2E93D24B0FA2}"
EndProject
Project("{9A19103F-16F7-4668-BE54-9A1E7A4F7556}") = "AutoSFaP.Extensions.Tests", "AutoSFaP.Extensions.Tests\AutoSFaP.Extensions.Tests.csproj", "{BB16DC64-CDCD-4751-BC49-53E5C4649064}"
EndProject
Project("{FAE04EC0-301F-11D3-BF4B-00C04F79EFBC}") = "AutoSFaP.Tests", "AutoSFaP.Tests\AutoSFaP.Tests.csproj", "{AD421BE6-8D9E-4738-AB3F-255700BE5536}"
EndProject
Global
	GlobalSection(SolutionConfigurationPlatforms) = preSolution
		Debug|Any CPU = Debug|Any CPU
		Release|Any CPU = Release|Any CPU
	EndGlobalSection
	GlobalSection(ProjectConfigurationPlatforms) = postSolution
		{17234E73-B598-45DC-A7AE-6D3E8723D223}.Debug|Any CPU.ActiveCfg = Debug|Any CPU
		{17234E73-B598-45DC-A7AE-6D3E8723D223}.Debug|Any CPU.Build.0 = Debug|Any CPU
		{17234E73-B598-45DC-A7AE-6D3E8723D223}.Release|Any CPU.ActiveCfg = Release|Any CPU
		{17234E73-B598-45DC-A7AE-6D3E8723D223}.Release|Any CPU.Build.0 = Release|Any CPU
		{6178F576-D274-4CD9-98A2-2E93D24B0FA2}.Debug|Any CPU.ActiveCfg = Debug|Any CPU
		{6178F576-D274-4CD9-98A2-2E93D24B0FA2}.Debug|Any CPU.Build.0 = Debug|Any CPU
		{6178F576-D274-4CD9-98A2-2E93D24B0FA2}.Release|Any CPU.ActiveCfg = Release|Any CPU
		{6178F576-D274-4CD9-98A2-2E93D24B0FA2}.Release|Any CPU.Build.0 = Release|Any CPU
		{BB16DC64-CDCD-4751-BC49-53E5C4649064}.Debug|Any CPU.ActiveCfg = Debug|Any CPU
		{BB16DC64-CDCD-4751-BC49-53E5C4649064}.Debug|Any CPU.Build.0 = Debug|Any CPU
		{BB16DC64-CDCD-4751-BC49-53E5C4649064}.Release|Any CPU.ActiveCfg = Release|Any CPU
		{BB16DC64-CDCD-4751-BC49-53E5C4649064}.Release|Any CPU.Build.0 = Release|Any CPU
		{AD421BE6-8D9E-4738-AB3F-255700BE5536}.Debug|Any CPU.ActiveCfg = Debug|Any CPU
		{AD421BE6-8D9E-4738-AB3F-255700BE5536}.Debug|Any CPU.Build.0 = Debug|Any CPU
		{AD421BE6-8D9E-4738-AB3F-255700BE5536}.Release|Any CPU.ActiveCfg = Release|Any CPU
		{AD421BE6-8D9E-4738-AB3F-255700BE5536}.Release|Any CPU.Build.0 = Release|Any CPU
	EndGlobalSection
	GlobalSection(SolutionProperties) = preSolution
		HideSolutionNode = FALSE
	EndGlobalSection
	GlobalSection(ExtensibilityGlobals) = postSolution
		SolutionGuid = {BB0703E2-8114-42C1-B325-841FCC3E93B5}
	EndGlobalSection
EndGlobal
